
Microsoft Visual Studio Solution File, Format Version 12.00
# Visual Studio Version 16
VisualStudioVersion = 16.0.30320.27
MinimumVisualStudioVersion = 10.0.40219.1
Project("{FAE04EC0-301F-11D3-BF4B-00C04F79EFBC}") = "Ramco.VwPlf.GraphQL.WindowsApp", "Ramco.VwPlf.GraphQL.WindowsApp\Ramco.VwPlf.GraphQL.WindowsApp.csproj", "{89F312E9-A431-415E-8D50-4166E758C1D8}"
EndProject
Project("{9A19103F-16F7-4668-BE54-9A1E7A4F7556}") = "GraphQL.IntrospectionModel", "GraphQL.IntrospectionModel\GraphQL.IntrospectionModel.csproj", "{45AF1804-5E47-468E-87D0-F7FF105D9F10}"
EndProject
Project("{FAE04EC0-301F-11D3-BF4B-00C04F79EFBC}") = "Ramco.VwPlf.GraphQLBridge", "Ramco.VwPlf.GraphQLBridge\Ramco.VwPlf.GraphQLBridge.csproj", "{7465EFAD-D9A7-4EC2-ACFA-0F91294FCBC4}"
EndProject
Project("{FAE04EC0-301F-11D3-BF4B-00C04F79EFBC}") = "ApiconsumerhubBR", "ApiconsumerhubBR\ApiconsumerhubBR\ApiconsumerhubBR.csproj", "{6D4FD027-B835-4BD3-BFC8-D1C3D2FD5FD4}"
EndProject
Project("{2150E333-8FDC-42A3-9474-1A3956D46DE8}") = "Solution Items", "Solution Items", "{1421039C-EE61-472D-AE20-81CDAA825185}"
	ProjectSection(SolutionItems) = preProject
		ReleaseNotes.txt = ReleaseNotes.txt
	EndProjectSection
EndProject
Global
	GlobalSection(SolutionConfigurationPlatforms) = preSolution
		Debug|Any CPU = Debug|Any CPU
		Release|Any CPU = Release|Any CPU
	EndGlobalSection
	GlobalSection(ProjectConfigurationPlatforms) = postSolution
		{89F312E9-A431-415E-8D50-4166E758C1D8}.Debug|Any CPU.ActiveCfg = Debug|Any CPU
		{89F312E9-A431-415E-8D50-4166E758C1D8}.Debug|Any CPU.Build.0 = Debug|Any CPU
		{89F312E9-A431-415E-8D50-4166E758C1D8}.Release|Any CPU.ActiveCfg = Release|Any CPU
		{89F312E9-A431-415E-8D50-4166E758C1D8}.Release|Any CPU.Build.0 = Release|Any CPU
		{45AF1804-5E47-468E-87D0-F7FF105D9F10}.Debug|Any CPU.ActiveCfg = Debug|Any CPU
		{45AF1804-5E47-468E-87D0-F7FF105D9F10}.Debug|Any CPU.Build.0 = Debug|Any CPU
		{45AF1804-5E47-468E-87D0-F7FF105D9F10}.Release|Any CPU.ActiveCfg = Release|Any CPU
		{45AF1804-5E47-468E-87D0-F7FF105D9F10}.Release|Any CPU.Build.0 = Release|Any CPU
		{7465EFAD-D9A7-4EC2-ACFA-0F91294FCBC4}.Debug|Any CPU.ActiveCfg = Debug|Any CPU
		{7465EFAD-D9A7-4EC2-ACFA-0F91294FCBC4}.Debug|Any CPU.Build.0 = Debug|Any CPU
		{7465EFAD-D9A7-4EC2-ACFA-0F91294FCBC4}.Release|Any CPU.ActiveCfg = Release|Any CPU
		{7465EFAD-D9A7-4EC2-ACFA-0F91294FCBC4}.Release|Any CPU.Build.0 = Release|Any CPU
		{6D4FD027-B835-4BD3-BFC8-D1C3D2FD5FD4}.Debug|Any CPU.ActiveCfg = Debug|Any CPU
		{6D4FD027-B835-4BD3-BFC8-D1C3D2FD5FD4}.Debug|Any CPU.Build.0 = Debug|Any CPU
		{6D4FD027-B835-4BD3-BFC8-D1C3D2FD5FD4}.Release|Any CPU.ActiveCfg = Release|Any CPU
		{6D4FD027-B835-4BD3-BFC8-D1C3D2FD5FD4}.Release|Any CPU.Build.0 = Release|Any CPU
	EndGlobalSection
	GlobalSection(SolutionProperties) = preSolution
		HideSolutionNode = FALSE
	EndGlobalSection
	GlobalSection(ExtensibilityGlobals) = postSolution
		SolutionGuid = {04F8C756-2108-45F5-9688-6C380502243F}
	EndGlobalSection
EndGlobal
